
Microsoft Visual Studio Solution File, Format Version 12.00
# Visual Studio Version 16
VisualStudioVersion = 16.0.30503.244
MinimumVisualStudioVersion = 10.0.40219.1
Project("{9A19103F-16F7-4668-BE54-9A1E7A4F7556}") = "SocialNetworkAPI", "SocialNetworkAPI\SocialNetworkAPI.csproj", "{FCB63CD2-DEFA-49D1-A09C-AC74D4592208}"
EndProject
Project("{FAE04EC0-301F-11D3-BF4B-00C04F79EFBC}") = "SocialNetworkDataModel", "SocialNetworkDataModel\SocialNetworkDataModel.csproj", "{60D45C7C-ED2A-48F9-9485-DCC97ADBE3B3}"
EndProject
Global
	GlobalSection(SolutionConfigurationPlatforms) = preSolution
		Debug|Any CPU = Debug|Any CPU
		Release|Any CPU = Release|Any CPU
	EndGlobalSection
	GlobalSection(ProjectConfigurationPlatforms) = postSolution
		{FCB63CD2-DEFA-49D1-A09C-AC74D4592208}.Debug|Any CPU.ActiveCfg = Debug|Any CPU
		{FCB63CD2-DEFA-49D1-A09C-AC74D4592208}.Debug|Any CPU.Build.0 = Debug|Any CPU
		{FCB63CD2-DEFA-49D1-A09C-AC74D4592208}.Release|Any CPU.ActiveCfg = Release|Any CPU
		{FCB63CD2-DEFA-49D1-A09C-AC74D4592208}.Release|Any CPU.Build.0 = Release|Any CPU
		{60D45C7C-ED2A-48F9-9485-DCC97ADBE3B3}.Debug|Any CPU.ActiveCfg = Debug|Any CPU
		{60D45C7C-ED2A-48F9-9485-DCC97ADBE3B3}.Debug|Any CPU.Build.0 = Debug|Any CPU
		{60D45C7C-ED2A-48F9-9485-DCC97ADBE3B3}.Release|Any CPU.ActiveCfg = Release|Any CPU
		{60D45C7C-ED2A-48F9-9485-DCC97ADBE3B3}.Release|Any CPU.Build.0 = Release|Any CPU
	EndGlobalSection
	GlobalSection(SolutionProperties) = preSolution
		HideSolutionNode = FALSE
	EndGlobalSection
	GlobalSection(ExtensibilityGlobals) = postSolution
		SolutionGuid = {51225639-66E8-4B73-8B32-0B753C6356CF}
	EndGlobalSection
EndGlobal
